{
  "name": "Star Project",
  "lockfileVersion": 2,
  "requires": true,
  "packages": {
    "": {
      "dependencies": {
        "@fullcalendar/angular": "^6.1.4",
        "@fullcalendar/core": "^6.1.4",
        "@fullcalendar/daygrid": "^6.1.4",
        "@fullcalendar/interaction": "^6.1.4",
        "@fullcalendar/list": "^6.1.4",
        "@fullcalendar/resource": "^6.1.4",
        "@fullcalendar/resource-timeline": "^6.1.4",
        "@fullcalendar/timegrid": "^6.1.4"
      }
    },
    "node_modules/@angular/common": {
      "version": "15.2.3",
      "resolved": "https://registry.npmjs.org/@angular/common/-/common-15.2.3.tgz",
      "integrity": "sha512-J68CSb57XadC2weHw7kmHjCdrHNgxPv8ZW6KlnmYvIRJrkKsZuCl+PvFe90VMDvHtlBnSnz8sjAPqoUxesMRNg==",
      "peer": true,
      "dependencies": {
        "tslib": "^2.3.0"
      },
      "engines": {
        "node": "^14.20.0 || ^16.13.0 || >=18.10.0"
      },
      "peerDependencies": {
        "@angular/core": "15.2.3",
        "rxjs": "^6.5.3 || ^7.4.0"
      }
    },
    "node_modules/@angular/core": {
      "version": "15.2.3",
      "resolved": "https://registry.npmjs.org/@angular/core/-/core-15.2.3.tgz",
      "integrity": "sha512-e+d6upOqAyqE7MxxRthd1ZJILSKX+hXHCmujc48id8G3zhP0tD59iZ03KgUe8RMvXMlSBUhwOwDX39tr701eig==",
      "peer": true,
      "dependencies": {
        "tslib": "^2.3.0"
      },
      "engines": {
        "node": "^14.20.0 || ^16.13.0 || >=18.10.0"
      },
      "peerDependencies": {
        "rxjs": "^6.5.3 || ^7.4.0",
        "zone.js": "~0.11.4 || ~0.12.0 || ~0.13.0"
      }
    },
    "node_modules/@fullcalendar/angular": {
      "version": "6.1.4",
      "resolved": "https://registry.npmjs.org/@fullcalendar/angular/-/angular-6.1.4.tgz",
      "integrity": "sha512-D99FS6OjHkiAAfXZGPcxZsbrZHNbIiNj2PTJp6rZqAh8+MQ6Mua4BuM6e03P4fOYPD0jNj2hAJHRHkuwI4zdig==",
      "dependencies": {
        "tslib": "^2.3.0"
      },
      "peerDependencies": {
        "@angular/common": "12 - 15",
        "@angular/core": "12 - 15",
        "@fullcalendar/core": "~6.1.4"
      }
    },
    "node_modules/@fullcalendar/core": {
      "version": "6.1.4",
      "resolved": "https://registry.npmjs.org/@fullcalendar/core/-/core-6.1.4.tgz",
      "integrity": "sha512-ZDD0Owv0LezAk14nsRNaOc9nbowItGmT0mnjOhEw+L6B8P5eads8yYaNA9itn70MWoOjiAG8xqD7Yk1iJGxqgQ==",
      "dependencies": {
        "preact": "^10.0.5"
      }
    },
    "node_modules/@fullcalendar/daygrid": {
      "version": "6.1.4",
      "resolved": "https://registry.npmjs.org/@fullcalendar/daygrid/-/daygrid-6.1.4.tgz",
      "integrity": "sha512-X0QWEiA/hT8GYiQzmXt9DlZTWaQbNtBHBXGtaMNcVXbGHDCzLoWTHrde/jABGfr/i2+d9sLUO4oTtwz2HVpNtQ==",
      "peerDependencies": {
        "@fullcalendar/core": "~6.1.4"
      }
    },
    "node_modules/@fullcalendar/interaction": {
      "version": "6.1.4",
      "resolved": "https://registry.npmjs.org/@fullcalendar/interaction/-/interaction-6.1.4.tgz",
      "integrity": "sha512-69G2B61bPiHy7VyTDiwU9l8yRHPUK9XxNxjIdm3N0nvWR6BaUIBDQe8dIWht+IZUf9qirFhnfcLWkRI0fOTWtw==",
      "peerDependencies": {
        "@fullcalendar/core": "~6.1.4"
      }
    },
    "node_modules/@fullcalendar/list": {
      "version": "6.1.4",
      "resolved": "https://registry.npmjs.org/@fullcalendar/list/-/list-6.1.4.tgz",
      "integrity": "sha512-RY2fE9J7ckzhKtvHOWhlI2FnVEBC4Z9ZlgRBE2nQekX2+THt+3KnZtOQxuYGnGi30NBKx794YsXeIc6/Lnl0Ww==",
      "peerDependencies": {
        "@fullcalendar/core": "~6.1.4"
      }
    },
    "node_modules/@fullcalendar/premium-common": {
      "version": "6.1.4",
      "resolved": "https://registry.npmjs.org/@fullcalendar/premium-common/-/premium-common-6.1.4.tgz",
      "integrity": "sha512-gA/6ei9yhLK+5jrjIzC+nwVSsFYuEI+NTnTZSJOYY1NNC/dBbB5j/fez1zbtMIfXqh0McMB9/dYu2drt031ohw==",
      "peerDependencies": {
        "@fullcalendar/core": "~6.1.4"
      }
    },
    "node_modules/@fullcalendar/resource": {
      "version": "6.1.4",
      "resolved": "https://registry.npmjs.org/@fullcalendar/resource/-/resource-6.1.4.tgz",
      "integrity": "sha512-SApmuVZL8gIJuznvCp9wYcHibWdxMjlXEe+d+iu/3UdaP6l6lM09KJ9tVzPwX6z2CFp1jIH2BnmBvhfSUuVmZw==",
      "dependencies": {
        "@fullcalendar/premium-common": "~6.1.4"
      },
      "peerDependencies": {
        "@fullcalendar/core": "~6.1.4"
      }
    },
    "node_modules/@fullcalendar/resource-timeline": {
      "version": "6.1.4",
      "resolved": "https://registry.npmjs.org/@fullcalendar/resource-timeline/-/resource-timeline-6.1.4.tgz",
      "integrity": "sha512-P8bAcWhE8xG4wUG/SHPDhXHXPG6H47BGc9Ge27dwdzlG3qKcOkF8bC3TX52f9WigUjV+R00gPkZ6KRDOA0gWhg==",
      "dependencies": {
        "@fullcalendar/premium-common": "~6.1.4",
        "@fullcalendar/scrollgrid": "~6.1.4",
        "@fullcalendar/timeline": "~6.1.4"
      },
      "peerDependencies": {
        "@fullcalendar/core": "~6.1.4",
        "@fullcalendar/resource": "~6.1.4"
      }
    },
    "node_modules/@fullcalendar/scrollgrid": {
      "version": "6.1.4",
      "resolved": "https://registry.npmjs.org/@fullcalendar/scrollgrid/-/scrollgrid-6.1.4.tgz",
      "integrity": "sha512-ZHwI22x/XQg1/9IARxKcjQxLRieIf66nFS8O0JQp7mUUJhr0DAXchXQIGbON2KpCJI802TpMKsmtxdcItEW7tA==",
      "dependencies": {
        "@fullcalendar/premium-common": "~6.1.4"
      },
      "peerDependencies": {
        "@fullcalendar/core": "~6.1.4"
      }
    },
    "node_modules/@fullcalendar/timegrid": {
      "version": "6.1.4",
      "resolved": "https://registry.npmjs.org/@fullcalendar/timegrid/-/timegrid-6.1.4.tgz",
      "integrity": "sha512-B2/levLKW0CyDQru75JeuASpCZml5W8sINCwVTstxxhjKmNBG3F5qvSX12DDrTdga/ySYObNNP1pKDwavKk/JQ==",
      "dependencies": {
        "@fullcalendar/daygrid": "~6.1.4"
      },
      "peerDependencies": {
        "@fullcalendar/core": "~6.1.4"
      }
    },
    "node_modules/@fullcalendar/timeline": {
      "version": "6.1.4",
      "resolved": "https://registry.npmjs.org/@fullcalendar/timeline/-/timeline-6.1.4.tgz",
      "integrity": "sha512-w+EmBas8wpSsloJmx/gKSJF+nt9eqoSqNbYIaG0Vsl0hRAk8NteZ13vkTjb+BsZOUls3BlPGUX0jiSQ3CzpXNA==",
      "dependencies": {
        "@fullcalendar/premium-common": "~6.1.4",
        "@fullcalendar/scrollgrid": "~6.1.4"
      },
      "peerDependencies": {
        "@fullcalendar/core": "~6.1.4"
      }
    },
    "node_modules/preact": {
      "version": "10.13.1",
      "resolved": "https://registry.npmjs.org/preact/-/preact-10.13.1.tgz",
      "integrity": "sha512-KyoXVDU5OqTpG9LXlB3+y639JAGzl8JSBXLn1J9HTSB3gbKcuInga7bZnXLlxmK94ntTs1EFeZp0lrja2AuBYQ==",
      "funding": {
        "type": "opencollective",
        "url": "https://opencollective.com/preact"
      }
    },
    "node_modules/rxjs": {
      "version": "7.8.0",
      "resolved": "https://registry.npmjs.org/rxjs/-/rxjs-7.8.0.tgz",
      "integrity": "sha512-F2+gxDshqmIub1KdvZkaEfGDwLNpPvk9Fs6LD/MyQxNgMds/WH9OdDDXOmxUZpME+iSK3rQCctkL0DYyytUqMg==",
      "peer": true,
      "dependencies": {
        "tslib": "^2.1.0"
      }
    },
    "node_modules/tslib": {
      "version": "2.5.0",
      "resolved": "https://registry.npmjs.org/tslib/-/tslib-2.5.0.tgz",
      "integrity": "sha512-336iVw3rtn2BUK7ORdIAHTyxHGRIHVReokCR3XjbckJMK7ms8FysBfhLR8IXnAgy7T0PTPNBWKiH514FOW/WSg=="
    },
    "node_modules/zone.js": {
      "version": "0.13.0",
      "resolved": "https://registry.npmjs.org/zone.js/-/zone.js-0.13.0.tgz",
      "integrity": "sha512-7m3hNNyswsdoDobCkYNAy5WiUulkMd3+fWaGT9ij6iq3Zr/IwJo4RMCYPSDjT+r7tnPErmY9sZpKhWQ8S5k6XQ==",
      "peer": true,
      "dependencies": {
        "tslib": "^2.3.0"
      }
    }
  },
  "dependencies": {
    "@angular/common": {
      "version": "15.2.3",
      "resolved": "https://registry.npmjs.org/@angular/common/-/common-15.2.3.tgz",
      "integrity": "sha512-J68CSb57XadC2weHw7kmHjCdrHNgxPv8ZW6KlnmYvIRJrkKsZuCl+PvFe90VMDvHtlBnSnz8sjAPqoUxesMRNg==",
      "peer": true,
      "requires": {
        "tslib": "^2.3.0"
      }
    },
    "@angular/core": {
      "version": "15.2.3",
      "resolved": "https://registry.npmjs.org/@angular/core/-/core-15.2.3.tgz",
      "integrity": "sha512-e+d6upOqAyqE7MxxRthd1ZJILSKX+hXHCmujc48id8G3zhP0tD59iZ03KgUe8RMvXMlSBUhwOwDX39tr701eig==",
      "peer": true,
      "requires": {
        "tslib": "^2.3.0"
      }
    },
    "@fullcalendar/angular": {
      "version": "6.1.4",
      "resolved": "https://registry.npmjs.org/@fullcalendar/angular/-/angular-6.1.4.tgz",
      "integrity": "sha512-D99FS6OjHkiAAfXZGPcxZsbrZHNbIiNj2PTJp6rZqAh8+MQ6Mua4BuM6e03P4fOYPD0jNj2hAJHRHkuwI4zdig==",
      "requires": {
        "tslib": "^2.3.0"
      }
    },
    "@fullcalendar/core": {
      "version": "6.1.4",
      "resolved": "https://registry.npmjs.org/@fullcalendar/core/-/core-6.1.4.tgz",
      "integrity": "sha512-ZDD0Owv0LezAk14nsRNaOc9nbowItGmT0mnjOhEw+L6B8P5eads8yYaNA9itn70MWoOjiAG8xqD7Yk1iJGxqgQ==",
      "requires": {
        "preact": "^10.0.5"
      }
    },
    "@fullcalendar/daygrid": {
      "version": "6.1.4",
      "resolved": "https://registry.npmjs.org/@fullcalendar/daygrid/-/daygrid-6.1.4.tgz",
      "integrity": "sha512-X0QWEiA/hT8GYiQzmXt9DlZTWaQbNtBHBXGtaMNcVXbGHDCzLoWTHrde/jABGfr/i2+d9sLUO4oTtwz2HVpNtQ==",
      "requires": {}
    },
    "@fullcalendar/interaction": {
      "version": "6.1.4",
      "resolved": "https://registry.npmjs.org/@fullcalendar/interaction/-/interaction-6.1.4.tgz",
      "integrity": "sha512-69G2B61bPiHy7VyTDiwU9l8yRHPUK9XxNxjIdm3N0nvWR6BaUIBDQe8dIWht+IZUf9qirFhnfcLWkRI0fOTWtw==",
      "requires": {}
    },
    "@fullcalendar/list": {
      "version": "6.1.4",
      "resolved": "https://registry.npmjs.org/@fullcalendar/list/-/list-6.1.4.tgz",
      "integrity": "sha512-RY2fE9J7ckzhKtvHOWhlI2FnVEBC4Z9ZlgRBE2nQekX2+THt+3KnZtOQxuYGnGi30NBKx794YsXeIc6/Lnl0Ww==",
      "requires": {}
    },
    "@fullcalendar/premium-common": {
      "version": "6.1.4",
      "resolved": "https://registry.npmjs.org/@fullcalendar/premium-common/-/premium-common-6.1.4.tgz",
      "integrity": "sha512-gA/6ei9yhLK+5jrjIzC+nwVSsFYuEI+NTnTZSJOYY1NNC/dBbB5j/fez1zbtMIfXqh0McMB9/dYu2drt031ohw==",
      "requires": {}
    },
    "@fullcalendar/resource": {
      "version": "6.1.4",
      "resolved": "https://registry.npmjs.org/@fullcalendar/resource/-/resource-6.1.4.tgz",
      "integrity": "sha512-SApmuVZL8gIJuznvCp9wYcHibWdxMjlXEe+d+iu/3UdaP6l6lM09KJ9tVzPwX6z2CFp1jIH2BnmBvhfSUuVmZw==",
      "requires": {
        "@fullcalendar/premium-common": "~6.1.4"
      }
    },
    "@fullcalendar/resource-timeline": {
      "version": "6.1.4",
      "resolved": "https://registry.npmjs.org/@fullcalendar/resource-timeline/-/resource-timeline-6.1.4.tgz",
      "integrity": "sha512-P8bAcWhE8xG4wUG/SHPDhXHXPG6H47BGc9Ge27dwdzlG3qKcOkF8bC3TX52f9WigUjV+R00gPkZ6KRDOA0gWhg==",
      "requires": {
        "@fullcalendar/premium-common": "~6.1.4",
        "@fullcalendar/scrollgrid": "~6.1.4",
        "@fullcalendar/timeline": "~6.1.4"
      }
    },
    "@fullcalendar/scrollgrid": {
      "version": "6.1.4",
      "resolved": "https://registry.npmjs.org/@fullcalendar/scrollgrid/-/scrollgrid-6.1.4.tgz",
      "integrity": "sha512-ZHwI22x/XQg1/9IARxKcjQxLRieIf66nFS8O0JQp7mUUJhr0DAXchXQIGbON2KpCJI802TpMKsmtxdcItEW7tA==",
      "requires": {
        "@fullcalendar/premium-common": "~6.1.4"
      }
    },
    "@fullcalendar/timegrid": {
      "version": "6.1.4",
      "resolved": "https://registry.npmjs.org/@fullcalendar/timegrid/-/timegrid-6.1.4.tgz",
      "integrity": "sha512-B2/levLKW0CyDQru75JeuASpCZml5W8sINCwVTstxxhjKmNBG3F5qvSX12DDrTdga/ySYObNNP1pKDwavKk/JQ==",
      "requires": {
        "@fullcalendar/daygrid": "~6.1.4"
      }
    },
    "@fullcalendar/timeline": {
      "version": "6.1.4",
      "resolved": "https://registry.npmjs.org/@fullcalendar/timeline/-/timeline-6.1.4.tgz",
      "integrity": "sha512-w+EmBas8wpSsloJmx/gKSJF+nt9eqoSqNbYIaG0Vsl0hRAk8NteZ13vkTjb+BsZOUls3BlPGUX0jiSQ3CzpXNA==",
      "requires": {
        "@fullcalendar/premium-common": "~6.1.4",
        "@fullcalendar/scrollgrid": "~6.1.4"
      }
    },
    "preact": {
      "version": "10.13.1",
      "resolved": "https://registry.npmjs.org/preact/-/preact-10.13.1.tgz",
      "integrity": "sha512-KyoXVDU5OqTpG9LXlB3+y639JAGzl8JSBXLn1J9HTSB3gbKcuInga7bZnXLlxmK94ntTs1EFeZp0lrja2AuBYQ=="
    },
    "rxjs": {
      "version": "7.8.0",
      "resolved": "https://registry.npmjs.org/rxjs/-/rxjs-7.8.0.tgz",
      "integrity": "sha512-F2+gxDshqmIub1KdvZkaEfGDwLNpPvk9Fs6LD/MyQxNgMds/WH9OdDDXOmxUZpME+iSK3rQCctkL0DYyytUqMg==",
      "peer": true,
      "requires": {
        "tslib": "^2.1.0"
      }
    },
    "tslib": {
      "version": "2.5.0",
      "resolved": "https://registry.npmjs.org/tslib/-/tslib-2.5.0.tgz",
      "integrity": "sha512-336iVw3rtn2BUK7ORdIAHTyxHGRIHVReokCR3XjbckJMK7ms8FysBfhLR8IXnAgy7T0PTPNBWKiH514FOW/WSg=="
    },
    "zone.js": {
      "version": "0.13.0",
      "resolved": "https://registry.npmjs.org/zone.js/-/zone.js-0.13.0.tgz",
      "integrity": "sha512-7m3hNNyswsdoDobCkYNAy5WiUulkMd3+fWaGT9ij6iq3Zr/IwJo4RMCYPSDjT+r7tnPErmY9sZpKhWQ8S5k6XQ==",
      "peer": true,
      "requires": {
        "tslib": "^2.3.0"
      }
    }
  }
}
